
Microsoft Visual Studio Solution File, Format Version 12.00
# Visual Studio Version 17
VisualStudioVersion = 17.0.31903.59
MinimumVisualStudioVersion = 10.0.40219.1
Project("{9A19103F-16F7-4668-BE54-9A1E7A4F7556}") = "Aula1_inicio", "src\Aula1\Aula1_inicio.csproj", "{CABD2A87-5743-4419-8296-0EEA8BBED7A0}"
EndProject
Project("{9A19103F-16F7-4668-BE54-9A1E7A4F7556}") = "Aula2", "src\Aula2\Aula2.csproj", "{B58B4D71-C934-4260-9590-0D689A7DBB99}"
EndProject
Project("{9A19103F-16F7-4668-BE54-9A1E7A4F7556}") = "Aula3_Variaveis", "src\Aula03\Aula3_Variaveis.csproj", "{0F6DAEAB-ECE6-43BA-B7D1-65ABFCD953D5}"
EndProject
Project("{9A19103F-16F7-4668-BE54-9A1E7A4F7556}") = "Aula4_Operadores", "src\Aula4\Aula4_Operadores.csproj", "{C8194F89-EF2B-4876-B177-97D28B564871}"
EndProject
Project("{9A19103F-16F7-4668-BE54-9A1E7A4F7556}") = "Aula5_entrada", "src\Aula5\Aula5_entrada.csproj", "{4C57DA5B-339C-4913-9CCE-14D63E1CE982}"
EndProject
Project("{9A19103F-16F7-4668-BE54-9A1E7A4F7556}") = "Aula6_num", "src\Aula6\Aula6_num.csproj", "{B203A573-EB6C-41A8-872E-A2ECBF774379}"
EndProject
Project("{9A19103F-16F7-4668-BE54-9A1E7A4F7556}") = "Aula7_typecast", "src\Aula7_typecast\Aula7_typecast.csproj", "{D1F655BC-1438-49C4-8CE2-FD13749BB1ED}"
EndProject
Project("{9A19103F-16F7-4668-BE54-9A1E7A4F7556}") = "Aula8_if", "Aula8_if\Aula8_if.csproj", "{AAF5FF87-D519-4AFA-A79C-1E715DFDAEB2}"
EndProject
Project("{9A19103F-16F7-4668-BE54-9A1E7A4F7556}") = "aula9_switch", "aula9_switch\aula9_switch.csproj", "{9B7013CA-69F5-425D-A4CE-878CAF58039A}"
EndProject
Project("{FAE04EC0-301F-11D3-BF4B-00C04F79EFBC}") = "Aula10_goto", "src\Aula10_goto\Aula10_goto.csproj", "{231D7C44-3B2D-4C0B-BEE1-D3ECBF89EFB3}"
EndProject
Global
	GlobalSection(SolutionConfigurationPlatforms) = preSolution
		Debug|Any CPU = Debug|Any CPU
		Debug|x64 = Debug|x64
		Debug|x86 = Debug|x86
		Release|Any CPU = Release|Any CPU
		Release|x64 = Release|x64
		Release|x86 = Release|x86
	EndGlobalSection
	GlobalSection(ProjectConfigurationPlatforms) = postSolution
		{CABD2A87-5743-4419-8296-0EEA8BBED7A0}.Debug|Any CPU.ActiveCfg = Debug|Any CPU
		{CABD2A87-5743-4419-8296-0EEA8BBED7A0}.Debug|Any CPU.Build.0 = Debug|Any CPU
		{CABD2A87-5743-4419-8296-0EEA8BBED7A0}.Debug|x64.ActiveCfg = Debug|Any CPU
		{CABD2A87-5743-4419-8296-0EEA8BBED7A0}.Debug|x64.Build.0 = Debug|Any CPU
		{CABD2A87-5743-4419-8296-0EEA8BBED7A0}.Debug|x86.ActiveCfg = Debug|Any CPU
		{CABD2A87-5743-4419-8296-0EEA8BBED7A0}.Debug|x86.Build.0 = Debug|Any CPU
		{CABD2A87-5743-4419-8296-0EEA8BBED7A0}.Release|Any CPU.ActiveCfg = Release|Any CPU
		{CABD2A87-5743-4419-8296-0EEA8BBED7A0}.Release|Any CPU.Build.0 = Release|Any CPU
		{CABD2A87-5743-4419-8296-0EEA8BBED7A0}.Release|x64.ActiveCfg = Release|Any CPU
		{CABD2A87-5743-4419-8296-0EEA8BBED7A0}.Release|x64.Build.0 = Release|Any CPU
		{CABD2A87-5743-4419-8296-0EEA8BBED7A0}.Release|x86.ActiveCfg = Release|Any CPU
		{CABD2A87-5743-4419-8296-0EEA8BBED7A0}.Release|x86.Build.0 = Release|Any CPU
		{B58B4D71-C934-4260-9590-0D689A7DBB99}.Debug|Any CPU.ActiveCfg = Debug|Any CPU
		{B58B4D71-C934-4260-9590-0D689A7DBB99}.Debug|Any CPU.Build.0 = Debug|Any CPU
		{B58B4D71-C934-4260-9590-0D689A7DBB99}.Debug|x64.ActiveCfg = Debug|Any CPU
		{B58B4D71-C934-4260-9590-0D689A7DBB99}.Debug|x64.Build.0 = Debug|Any CPU
		{B58B4D71-C934-4260-9590-0D689A7DBB99}.Debug|x86.ActiveCfg = Debug|Any CPU
		{B58B4D71-C934-4260-9590-0D689A7DBB99}.Debug|x86.Build.0 = Debug|Any CPU
		{B58B4D71-C934-4260-9590-0D689A7DBB99}.Release|Any CPU.ActiveCfg = Release|Any CPU
		{B58B4D71-C934-4260-9590-0D689A7DBB99}.Release|Any CPU.Build.0 = Release|Any CPU
		{B58B4D71-C934-4260-9590-0D689A7DBB99}.Release|x64.ActiveCfg = Release|Any CPU
		{B58B4D71-C934-4260-9590-0D689A7DBB99}.Release|x64.Build.0 = Release|Any CPU
		{B58B4D71-C934-4260-9590-0D689A7DBB99}.Release|x86.ActiveCfg = Release|Any CPU
		{B58B4D71-C934-4260-9590-0D689A7DBB99}.Release|x86.Build.0 = Release|Any CPU
		{0F6DAEAB-ECE6-43BA-B7D1-65ABFCD953D5}.Debug|Any CPU.ActiveCfg = Debug|Any CPU
		{0F6DAEAB-ECE6-43BA-B7D1-65ABFCD953D5}.Debug|Any CPU.Build.0 = Debug|Any CPU
		{0F6DAEAB-ECE6-43BA-B7D1-65ABFCD953D5}.Debug|x64.ActiveCfg = Debug|Any CPU
		{0F6DAEAB-ECE6-43BA-B7D1-65ABFCD953D5}.Debug|x64.Build.0 = Debug|Any CPU
		{0F6DAEAB-ECE6-43BA-B7D1-65ABFCD953D5}.Debug|x86.ActiveCfg = Debug|Any CPU
		{0F6DAEAB-ECE6-43BA-B7D1-65ABFCD953D5}.Debug|x86.Build.0 = Debug|Any CPU
		{0F6DAEAB-ECE6-43BA-B7D1-65ABFCD953D5}.Release|Any CPU.ActiveCfg = Release|Any CPU
		{0F6DAEAB-ECE6-43BA-B7D1-65ABFCD953D5}.Release|Any CPU.Build.0 = Release|Any CPU
		{0F6DAEAB-ECE6-43BA-B7D1-65ABFCD953D5}.Release|x64.ActiveCfg = Release|Any CPU
		{0F6DAEAB-ECE6-43BA-B7D1-65ABFCD953D5}.Release|x64.Build.0 = Release|Any CPU
		{0F6DAEAB-ECE6-43BA-B7D1-65ABFCD953D5}.Release|x86.ActiveCfg = Release|Any CPU
		{0F6DAEAB-ECE6-43BA-B7D1-65ABFCD953D5}.Release|x86.Build.0 = Release|Any CPU
		{C8194F89-EF2B-4876-B177-97D28B564871}.Debug|Any CPU.ActiveCfg = Debug|Any CPU
		{C8194F89-EF2B-4876-B177-97D28B564871}.Debug|Any CPU.Build.0 = Debug|Any CPU
		{C8194F89-EF2B-4876-B177-97D28B564871}.Debug|x64.ActiveCfg = Debug|Any CPU
		{C8194F89-EF2B-4876-B177-97D28B564871}.Debug|x64.Build.0 = Debug|Any CPU
		{C8194F89-EF2B-4876-B177-97D28B564871}.Debug|x86.ActiveCfg = Debug|Any CPU
		{C8194F89-EF2B-4876-B177-97D28B564871}.Debug|x86.Build.0 = Debug|Any CPU
		{C8194F89-EF2B-4876-B177-97D28B564871}.Release|Any CPU.ActiveCfg = Release|Any CPU
		{C8194F89-EF2B-4876-B177-97D28B564871}.Release|Any CPU.Build.0 = Release|Any CPU
		{C8194F89-EF2B-4876-B177-97D28B564871}.Release|x64.ActiveCfg = Release|Any CPU
		{C8194F89-EF2B-4876-B177-97D28B564871}.Release|x64.Build.0 = Release|Any CPU
		{C8194F89-EF2B-4876-B177-97D28B564871}.Release|x86.ActiveCfg = Release|Any CPU
		{C8194F89-EF2B-4876-B177-97D28B564871}.Release|x86.Build.0 = Release|Any CPU
		{4C57DA5B-339C-4913-9CCE-14D63E1CE982}.Debug|Any CPU.ActiveCfg = Debug|Any CPU
		{4C57DA5B-339C-4913-9CCE-14D63E1CE982}.Debug|Any CPU.Build.0 = Debug|Any CPU
		{4C57DA5B-339C-4913-9CCE-14D63E1CE982}.Debug|x64.ActiveCfg = Debug|Any CPU
		{4C57DA5B-339C-4913-9CCE-14D63E1CE982}.Debug|x64.Build.0 = Debug|Any CPU
		{4C57DA5B-339C-4913-9CCE-14D63E1CE982}.Debug|x86.ActiveCfg = Debug|Any CPU
		{4C57DA5B-339C-4913-9CCE-14D63E1CE982}.Debug|x86.Build.0 = Debug|Any CPU
		{4C57DA5B-339C-4913-9CCE-14D63E1CE982}.Release|Any CPU.ActiveCfg = Release|Any CPU
		{4C57DA5B-339C-4913-9CCE-14D63E1CE982}.Release|Any CPU.Build.0 = Release|Any CPU
		{4C57DA5B-339C-4913-9CCE-14D63E1CE982}.Release|x64.ActiveCfg = Release|Any CPU
		{4C57DA5B-339C-4913-9CCE-14D63E1CE982}.Release|x64.Build.0 = Release|Any CPU
		{4C57DA5B-339C-4913-9CCE-14D63E1CE982}.Release|x86.ActiveCfg = Release|Any CPU
		{4C57DA5B-339C-4913-9CCE-14D63E1CE982}.Release|x86.Build.0 = Release|Any CPU
		{B203A573-EB6C-41A8-872E-A2ECBF774379}.Debug|Any CPU.ActiveCfg = Debug|Any CPU
		{B203A573-EB6C-41A8-872E-A2ECBF774379}.Debug|Any CPU.Build.0 = Debug|Any CPU
		{B203A573-EB6C-41A8-872E-A2ECBF774379}.Debug|x64.ActiveCfg = Debug|Any CPU
		{B203A573-EB6C-41A8-872E-A2ECBF774379}.Debug|x64.Build.0 = Debug|Any CPU
		{B203A573-EB6C-41A8-872E-A2ECBF774379}.Debug|x86.ActiveCfg = Debug|Any CPU
		{B203A573-EB6C-41A8-872E-A2ECBF774379}.Debug|x86.Build.0 = Debug|Any CPU
		{B203A573-EB6C-41A8-872E-A2ECBF774379}.Release|Any CPU.ActiveCfg = Release|Any CPU
		{B203A573-EB6C-41A8-872E-A2ECBF774379}.Release|Any CPU.Build.0 = Release|Any CPU
		{B203A573-EB6C-41A8-872E-A2ECBF774379}.Release|x64.ActiveCfg = Release|Any CPU
		{B203A573-EB6C-41A8-872E-A2ECBF774379}.Release|x64.Build.0 = Release|Any CPU
		{B203A573-EB6C-41A8-872E-A2ECBF774379}.Release|x86.ActiveCfg = Release|Any CPU
		{B203A573-EB6C-41A8-872E-A2ECBF774379}.Release|x86.Build.0 = Release|Any CPU
		{D1F655BC-1438-49C4-8CE2-FD13749BB1ED}.Debug|Any CPU.ActiveCfg = Debug|Any CPU
		{D1F655BC-1438-49C4-8CE2-FD13749BB1ED}.Debug|Any CPU.Build.0 = Debug|Any CPU
		{D1F655BC-1438-49C4-8CE2-FD13749BB1ED}.Debug|x64.ActiveCfg = Debug|Any CPU
		{D1F655BC-1438-49C4-8CE2-FD13749BB1ED}.Debug|x64.Build.0 = Debug|Any CPU
		{D1F655BC-1438-49C4-8CE2-FD13749BB1ED}.Debug|x86.ActiveCfg = Debug|Any CPU
		{D1F655BC-1438-49C4-8CE2-FD13749BB1ED}.Debug|x86.Build.0 = Debug|Any CPU
		{D1F655BC-1438-49C4-8CE2-FD13749BB1ED}.Release|Any CPU.ActiveCfg = Release|Any CPU
		{D1F655BC-1438-49C4-8CE2-FD13749BB1ED}.Release|Any CPU.Build.0 = Release|Any CPU
		{D1F655BC-1438-49C4-8CE2-FD13749BB1ED}.Release|x64.ActiveCfg = Release|Any CPU
		{D1F655BC-1438-49C4-8CE2-FD13749BB1ED}.Release|x64.Build.0 = Release|Any CPU
		{D1F655BC-1438-49C4-8CE2-FD13749BB1ED}.Release|x86.ActiveCfg = Release|Any CPU
		{D1F655BC-1438-49C4-8CE2-FD13749BB1ED}.Release|x86.Build.0 = Release|Any CPU
		{AAF5FF87-D519-4AFA-A79C-1E715DFDAEB2}.Debug|Any CPU.ActiveCfg = Debug|Any CPU
		{AAF5FF87-D519-4AFA-A79C-1E715DFDAEB2}.Debug|Any CPU.Build.0 = Debug|Any CPU
		{AAF5FF87-D519-4AFA-A79C-1E715DFDAEB2}.Debug|x64.ActiveCfg = Debug|Any CPU
		{AAF5FF87-D519-4AFA-A79C-1E715DFDAEB2}.Debug|x64.Build.0 = Debug|Any CPU
		{AAF5FF87-D519-4AFA-A79C-1E715DFDAEB2}.Debug|x86.ActiveCfg = Debug|Any CPU
		{AAF5FF87-D519-4AFA-A79C-1E715DFDAEB2}.Debug|x86.Build.0 = Debug|Any CPU
		{AAF5FF87-D519-4AFA-A79C-1E715DFDAEB2}.Release|Any CPU.ActiveCfg = Release|Any CPU
		{AAF5FF87-D519-4AFA-A79C-1E715DFDAEB2}.Release|Any CPU.Build.0 = Release|Any CPU
		{AAF5FF87-D519-4AFA-A79C-1E715DFDAEB2}.Release|x64.ActiveCfg = Release|Any CPU
		{AAF5FF87-D519-4AFA-A79C-1E715DFDAEB2}.Release|x64.Build.0 = Release|Any CPU
		{AAF5FF87-D519-4AFA-A79C-1E715DFDAEB2}.Release|x86.ActiveCfg = Release|Any CPU
		{AAF5FF87-D519-4AFA-A79C-1E715DFDAEB2}.Release|x86.Build.0 = Release|Any CPU
		{9B7013CA-69F5-425D-A4CE-878CAF58039A}.Debug|Any CPU.ActiveCfg = Debug|Any CPU
		{9B7013CA-69F5-425D-A4CE-878CAF58039A}.Debug|Any CPU.Build.0 = Debug|Any CPU
		{9B7013CA-69F5-425D-A4CE-878CAF58039A}.Debug|x64.ActiveCfg = Debug|Any CPU
		{9B7013CA-69F5-425D-A4CE-878CAF58039A}.Debug|x64.Build.0 = Debug|Any CPU
		{9B7013CA-69F5-425D-A4CE-878CAF58039A}.Debug|x86.ActiveCfg = Debug|Any CPU
		{9B7013CA-69F5-425D-A4CE-878CAF58039A}.Debug|x86.Build.0 = Debug|Any CPU
		{9B7013CA-69F5-425D-A4CE-878CAF58039A}.Release|Any CPU.ActiveCfg = Release|Any CPU
		{9B7013CA-69F5-425D-A4CE-878CAF58039A}.Release|Any CPU.Build.0 = Release|Any CPU
		{9B7013CA-69F5-425D-A4CE-878CAF58039A}.Release|x64.ActiveCfg = Release|Any CPU
		{9B7013CA-69F5-425D-A4CE-878CAF58039A}.Release|x64.Build.0 = Release|Any CPU
		{9B7013CA-69F5-425D-A4CE-878CAF58039A}.Release|x86.ActiveCfg = Release|Any CPU
		{9B7013CA-69F5-425D-A4CE-878CAF58039A}.Release|x86.Build.0 = Release|Any CPU
		{231D7C44-3B2D-4C0B-BEE1-D3ECBF89EFB3}.Debug|Any CPU.ActiveCfg = Debug|Any CPU
		{231D7C44-3B2D-4C0B-BEE1-D3ECBF89EFB3}.Debug|Any CPU.Build.0 = Debug|Any CPU
		{231D7C44-3B2D-4C0B-BEE1-D3ECBF89EFB3}.Debug|x64.ActiveCfg = Debug|Any CPU
		{231D7C44-3B2D-4C0B-BEE1-D3ECBF89EFB3}.Debug|x64.Build.0 = Debug|Any CPU
		{231D7C44-3B2D-4C0B-BEE1-D3ECBF89EFB3}.Debug|x86.ActiveCfg = Debug|Any CPU
		{231D7C44-3B2D-4C0B-BEE1-D3ECBF89EFB3}.Debug|x86.Build.0 = Debug|Any CPU
		{231D7C44-3B2D-4C0B-BEE1-D3ECBF89EFB3}.Release|Any CPU.ActiveCfg = Release|Any CPU
		{231D7C44-3B2D-4C0B-BEE1-D3ECBF89EFB3}.Release|Any CPU.Build.0 = Release|Any CPU
		{231D7C44-3B2D-4C0B-BEE1-D3ECBF89EFB3}.Release|x64.ActiveCfg = Release|Any CPU
		{231D7C44-3B2D-4C0B-BEE1-D3ECBF89EFB3}.Release|x64.Build.0 = Release|Any CPU
		{231D7C44-3B2D-4C0B-BEE1-D3ECBF89EFB3}.Release|x86.ActiveCfg = Release|Any CPU
		{231D7C44-3B2D-4C0B-BEE1-D3ECBF89EFB3}.Release|x86.Build.0 = Release|Any CPU
	EndGlobalSection
	GlobalSection(SolutionProperties) = preSolution
		HideSolutionNode = FALSE
	EndGlobalSection
	GlobalSection(ExtensibilityGlobals) = postSolution
		SolutionGuid = {A0192FA9-E343-4594-A3FB-11D5EFB309A4}
	EndGlobalSection
EndGlobal
